{
  "name": "app",
  "lockfileVersion": 3,
  "requires": true,
  "packages": {
    "": {
      "dependencies": {
        "install": "^0.13.0",
        "psycopg2-binary": "^0.0.1"
      }
    },
    "node_modules/install": {
      "version": "0.13.0",
      "resolved": "https://registry.npmjs.org/install/-/install-0.13.0.tgz",
      "integrity": "sha512-zDml/jzr2PKU9I8J/xyZBQn8rPCAY//UOYNmR01XwNwyfhEWObo2SWfSl1+0tm1u6PhxLwDnfsT/6jB7OUxqFA==",
      "engines": {
        "node": ">= 0.10"
      }
    },
    "node_modules/psycopg2-binary": {
      "version": "0.0.1",
      "resolved": "https://registry.npmjs.org/psycopg2-binary/-/psycopg2-binary-0.0.1.tgz",
      "integrity": "sha512-KBMkbVNy9TmSX3TZ5B8stHAuvbCJ855b7KIHV6gDDGsfk4UhsXJvbUyvCO8Q8Zh660QT2yVnd3l3tXOdDVFCrQ=="
    }
  }
}
